
Microsoft Visual Studio Solution File, Format Version 12.00
# Visual Studio Version 17
VisualStudioVersion = 17.3.32901.215
MinimumVisualStudioVersion = 10.0.40219.1
Project("{9A19103F-16F7-4668-BE54-9A1E7A4F7556}") = "NerdStoreEnterprise", "NerdStoreEnterprise\NerdStoreEnterprise.csproj", "{9AF8FD43-1BA0-4B5A-AC57-F8EF5D0CFBD8}"
EndProject
Project("{2150E333-8FDC-42A3-9474-1A3956D46DE8}") = "src", "src", "{686B8A6E-3B5B-4AF6-9CF6-93AB651995FA}"
EndProject
Project("{2150E333-8FDC-42A3-9474-1A3956D46DE8}") = "Building Blocks", "Building Blocks", "{54EA02D4-3766-45D3-9D87-51B7A1538CC6}"
EndProject
Project("{2150E333-8FDC-42A3-9474-1A3956D46DE8}") = "web", "web", "{A6638FD8-5229-4846-AABA-AB0519EE7661}"
EndProject
Project("{2150E333-8FDC-42A3-9474-1A3956D46DE8}") = "Services", "Services", "{73A92E70-0674-4CCB-9B15-EB96C151C580}"
EndProject
Project("{2150E333-8FDC-42A3-9474-1A3956D46DE8}") = "Identidade", "Identidade", "{7E90D714-628F-401B-A191-39877F51477B}"
EndProject
Project("{9A19103F-16F7-4668-BE54-9A1E7A4F7556}") = "NSE.Identidade.API", "src\services\NSE.Identidade.API\NSE.Identidade.API.csproj", "{1F872E3B-053A-4615-9E7C-1798EBD82EDF}"
EndProject
Project("{2150E333-8FDC-42A3-9474-1A3956D46DE8}") = "MVC", "MVC", "{661FADC8-3798-4E71-97EA-0FBAA7B902CC}"
EndProject
Project("{FAE04EC0-301F-11D3-BF4B-00C04F79EFBC}") = "NSE.WebApp.MVC", "src\web\NSE.WebApp.MVC\NSE.WebApp.MVC.csproj", "{3C1B1AE7-0DD0-4CEC-AED5-CA1847746FBC}"
EndProject
Project("{2150E333-8FDC-42A3-9474-1A3956D46DE8}") = "Core", "Core", "{ED515246-6E01-426E-B66D-B8E17645C118}"
EndProject
Project("{FAE04EC0-301F-11D3-BF4B-00C04F79EFBC}") = "NSE.Core", "src\building blocks\NSE.Core\NSE.Core.csproj", "{217EFC7F-506E-48CD-9F8F-171227A45FE0}"
EndProject
Project("{2150E333-8FDC-42A3-9474-1A3956D46DE8}") = "Carrinho", "Carrinho", "{45E932EB-A4D2-4DF9-8927-CE535C7AC89D}"
EndProject
Project("{FAE04EC0-301F-11D3-BF4B-00C04F79EFBC}") = "NSE.Carrinho.API", "src\services\NSE.Carrinho.API\NSE.Carrinho.API.csproj", "{DE3E2955-CF7B-4845-AF03-1A88A7C88397}"
EndProject
Project("{2150E333-8FDC-42A3-9474-1A3956D46DE8}") = "Catalogo", "Catalogo", "{AACE6516-5614-41D7-ACE9-DC2F6DEE5A0D}"
EndProject
Project("{FAE04EC0-301F-11D3-BF4B-00C04F79EFBC}") = "NSE.Catalogo.API", "src\services\NSE.Catalogo.API\NSE.Catalogo.API.csproj", "{6C4F4521-32EF-495F-BC47-7DD5A9CE380C}"
EndProject
Project("{2150E333-8FDC-42A3-9474-1A3956D46DE8}") = "Cliente", "Cliente", "{A5D58984-F265-42C3-ABF2-2CC374A125DF}"
EndProject
Project("{FAE04EC0-301F-11D3-BF4B-00C04F79EFBC}") = "NSE.Cliente.API", "src\services\NSE.Cliente.API\NSE.Cliente.API.csproj", "{0B169EC1-7E6F-4985-9812-CC2FD49D3D19}"
EndProject
Project("{2150E333-8FDC-42A3-9474-1A3956D46DE8}") = "Pagamento", "Pagamento", "{F8D08911-5342-4595-88D0-5EA5B2490601}"
EndProject
Project("{FAE04EC0-301F-11D3-BF4B-00C04F79EFBC}") = "NSE.Pagamento.API", "src\services\NSE.Pagamento.API\NSE.Pagamento.API.csproj", "{A566E2C0-5B80-425C-B3A5-5A728A34E31B}"
EndProject
Project("{2150E333-8FDC-42A3-9474-1A3956D46DE8}") = "Pedido", "Pedido", "{B0E79BB3-9A6B-43FD-8F92-CB8F7D181F28}"
EndProject
Project("{FAE04EC0-301F-11D3-BF4B-00C04F79EFBC}") = "NSE.Pedido.API", "src\services\NSE.Pedido.API\NSE.Pedido.API.csproj", "{5B806557-2DE3-4068-8832-C325E8C2AFAB}"
EndProject
Global
	GlobalSection(SolutionConfigurationPlatforms) = preSolution
		Debug|Any CPU = Debug|Any CPU
		Release|Any CPU = Release|Any CPU
	EndGlobalSection
	GlobalSection(ProjectConfigurationPlatforms) = postSolution
		{9AF8FD43-1BA0-4B5A-AC57-F8EF5D0CFBD8}.Debug|Any CPU.ActiveCfg = Debug|Any CPU
		{9AF8FD43-1BA0-4B5A-AC57-F8EF5D0CFBD8}.Debug|Any CPU.Build.0 = Debug|Any CPU
		{9AF8FD43-1BA0-4B5A-AC57-F8EF5D0CFBD8}.Release|Any CPU.ActiveCfg = Release|Any CPU
		{9AF8FD43-1BA0-4B5A-AC57-F8EF5D0CFBD8}.Release|Any CPU.Build.0 = Release|Any CPU
		{1F872E3B-053A-4615-9E7C-1798EBD82EDF}.Debug|Any CPU.ActiveCfg = Debug|Any CPU
		{1F872E3B-053A-4615-9E7C-1798EBD82EDF}.Debug|Any CPU.Build.0 = Debug|Any CPU
		{1F872E3B-053A-4615-9E7C-1798EBD82EDF}.Release|Any CPU.ActiveCfg = Release|Any CPU
		{1F872E3B-053A-4615-9E7C-1798EBD82EDF}.Release|Any CPU.Build.0 = Release|Any CPU
		{3C1B1AE7-0DD0-4CEC-AED5-CA1847746FBC}.Debug|Any CPU.ActiveCfg = Debug|Any CPU
		{3C1B1AE7-0DD0-4CEC-AED5-CA1847746FBC}.Debug|Any CPU.Build.0 = Debug|Any CPU
		{3C1B1AE7-0DD0-4CEC-AED5-CA1847746FBC}.Release|Any CPU.ActiveCfg = Release|Any CPU
		{3C1B1AE7-0DD0-4CEC-AED5-CA1847746FBC}.Release|Any CPU.Build.0 = Release|Any CPU
		{217EFC7F-506E-48CD-9F8F-171227A45FE0}.Debug|Any CPU.ActiveCfg = Debug|Any CPU
		{217EFC7F-506E-48CD-9F8F-171227A45FE0}.Debug|Any CPU.Build.0 = Debug|Any CPU
		{217EFC7F-506E-48CD-9F8F-171227A45FE0}.Release|Any CPU.ActiveCfg = Release|Any CPU
		{217EFC7F-506E-48CD-9F8F-171227A45FE0}.Release|Any CPU.Build.0 = Release|Any CPU
		{DE3E2955-CF7B-4845-AF03-1A88A7C88397}.Debug|Any CPU.ActiveCfg = Debug|Any CPU
		{DE3E2955-CF7B-4845-AF03-1A88A7C88397}.Debug|Any CPU.Build.0 = Debug|Any CPU
		{DE3E2955-CF7B-4845-AF03-1A88A7C88397}.Release|Any CPU.ActiveCfg = Release|Any CPU
		{DE3E2955-CF7B-4845-AF03-1A88A7C88397}.Release|Any CPU.Build.0 = Release|Any CPU
		{6C4F4521-32EF-495F-BC47-7DD5A9CE380C}.Debug|Any CPU.ActiveCfg = Debug|Any CPU
		{6C4F4521-32EF-495F-BC47-7DD5A9CE380C}.Debug|Any CPU.Build.0 = Debug|Any CPU
		{6C4F4521-32EF-495F-BC47-7DD5A9CE380C}.Release|Any CPU.ActiveCfg = Release|Any CPU
		{6C4F4521-32EF-495F-BC47-7DD5A9CE380C}.Release|Any CPU.Build.0 = Release|Any CPU
		{0B169EC1-7E6F-4985-9812-CC2FD49D3D19}.Debug|Any CPU.ActiveCfg = Debug|Any CPU
		{0B169EC1-7E6F-4985-9812-CC2FD49D3D19}.Debug|Any CPU.Build.0 = Debug|Any CPU
		{0B169EC1-7E6F-4985-9812-CC2FD49D3D19}.Release|Any CPU.ActiveCfg = Release|Any CPU
		{0B169EC1-7E6F-4985-9812-CC2FD49D3D19}.Release|Any CPU.Build.0 = Release|Any CPU
		{A566E2C0-5B80-425C-B3A5-5A728A34E31B}.Debug|Any CPU.ActiveCfg = Debug|Any CPU
		{A566E2C0-5B80-425C-B3A5-5A728A34E31B}.Debug|Any CPU.Build.0 = Debug|Any CPU
		{A566E2C0-5B80-425C-B3A5-5A728A34E31B}.Release|Any CPU.ActiveCfg = Release|Any CPU
		{A566E2C0-5B80-425C-B3A5-5A728A34E31B}.Release|Any CPU.Build.0 = Release|Any CPU
		{5B806557-2DE3-4068-8832-C325E8C2AFAB}.Debug|Any CPU.ActiveCfg = Debug|Any CPU
		{5B806557-2DE3-4068-8832-C325E8C2AFAB}.Debug|Any CPU.Build.0 = Debug|Any CPU
		{5B806557-2DE3-4068-8832-C325E8C2AFAB}.Release|Any CPU.ActiveCfg = Release|Any CPU
		{5B806557-2DE3-4068-8832-C325E8C2AFAB}.Release|Any CPU.Build.0 = Release|Any CPU
	EndGlobalSection
	GlobalSection(SolutionProperties) = preSolution
		HideSolutionNode = FALSE
	EndGlobalSection
	GlobalSection(NestedProjects) = preSolution
		{54EA02D4-3766-45D3-9D87-51B7A1538CC6} = {686B8A6E-3B5B-4AF6-9CF6-93AB651995FA}
		{A6638FD8-5229-4846-AABA-AB0519EE7661} = {686B8A6E-3B5B-4AF6-9CF6-93AB651995FA}
		{73A92E70-0674-4CCB-9B15-EB96C151C580} = {686B8A6E-3B5B-4AF6-9CF6-93AB651995FA}
		{7E90D714-628F-401B-A191-39877F51477B} = {73A92E70-0674-4CCB-9B15-EB96C151C580}
		{1F872E3B-053A-4615-9E7C-1798EBD82EDF} = {7E90D714-628F-401B-A191-39877F51477B}
		{661FADC8-3798-4E71-97EA-0FBAA7B902CC} = {A6638FD8-5229-4846-AABA-AB0519EE7661}
		{3C1B1AE7-0DD0-4CEC-AED5-CA1847746FBC} = {661FADC8-3798-4E71-97EA-0FBAA7B902CC}
		{ED515246-6E01-426E-B66D-B8E17645C118} = {54EA02D4-3766-45D3-9D87-51B7A1538CC6}
		{217EFC7F-506E-48CD-9F8F-171227A45FE0} = {ED515246-6E01-426E-B66D-B8E17645C118}
		{45E932EB-A4D2-4DF9-8927-CE535C7AC89D} = {73A92E70-0674-4CCB-9B15-EB96C151C580}
		{DE3E2955-CF7B-4845-AF03-1A88A7C88397} = {45E932EB-A4D2-4DF9-8927-CE535C7AC89D}
		{AACE6516-5614-41D7-ACE9-DC2F6DEE5A0D} = {73A92E70-0674-4CCB-9B15-EB96C151C580}
		{6C4F4521-32EF-495F-BC47-7DD5A9CE380C} = {AACE6516-5614-41D7-ACE9-DC2F6DEE5A0D}
		{A5D58984-F265-42C3-ABF2-2CC374A125DF} = {73A92E70-0674-4CCB-9B15-EB96C151C580}
		{0B169EC1-7E6F-4985-9812-CC2FD49D3D19} = {A5D58984-F265-42C3-ABF2-2CC374A125DF}
		{F8D08911-5342-4595-88D0-5EA5B2490601} = {73A92E70-0674-4CCB-9B15-EB96C151C580}
		{A566E2C0-5B80-425C-B3A5-5A728A34E31B} = {F8D08911-5342-4595-88D0-5EA5B2490601}
		{B0E79BB3-9A6B-43FD-8F92-CB8F7D181F28} = {73A92E70-0674-4CCB-9B15-EB96C151C580}
		{5B806557-2DE3-4068-8832-C325E8C2AFAB} = {B0E79BB3-9A6B-43FD-8F92-CB8F7D181F28}
	EndGlobalSection
	GlobalSection(ExtensibilityGlobals) = postSolution
		SolutionGuid = {FBE28E5D-41FB-4F7A-B90D-5951A5BC91A2}
	EndGlobalSection
EndGlobal
